// !$*UTF8*$!
{
	archiveVersion = 1;
	classes = {
	};
	objectVersion = 50;
	objects = {

/* Begin PBXBuildFile section */
		A531127625EDB14C00E8E38A /* WeatherWithCombineApp.swift in Sources */ = {isa = PBXBuildFile; fileRef = A531127525EDB14C00E8E38A /* WeatherWithCombineApp.swift */; };
		A531127825EDB14C00E8E38A /* ContentView.swift in Sources */ = {isa = PBXBuildFile; fileRef = A531127725EDB14C00E8E38A /* ContentView.swift */; };
		A531127A25EDB14D00E8E38A /* Assets.xcassets in Resources */ = {isa = PBXBuildFile; fileRef = A531127925EDB14D00E8E38A /* Assets.xcassets */; };
		A531127D25EDB14D00E8E38A /* Preview Assets.xcassets in Resources */ = {isa = PBXBuildFile; fileRef = A531127C25EDB14D00E8E38A /* Preview Assets.xcassets */; };
		A531129025EDB46700E8E38A /* ApiConfig.swift in Sources */ = {isa = PBXBuildFile; fileRef = A531128F25EDB46700E8E38A /* ApiConfig.swift */; };
		A531129325EDB55400E8E38A /* WeatherFetcher.swift in Sources */ = {isa = PBXBuildFile; fileRef = A531129225EDB55400E8E38A /* WeatherFetcher.swift */; };
		A531129625EDB59300E8E38A /* Responses.swift in Sources */ = {isa = PBXBuildFile; fileRef = A531129525EDB59300E8E38A /* Responses.swift */; };
		A531129925EDB5DB00E8E38A /* Errors.swift in Sources */ = {isa = PBXBuildFile; fileRef = A531129825EDB5DB00E8E38A /* Errors.swift */; };
		A53112A025EDB71400E8E38A /* WeatherFetcherExtensionMethods.swift in Sources */ = {isa = PBXBuildFile; fileRef = A531129F25EDB71400E8E38A /* WeatherFetcherExtensionMethods.swift */; };
		A53112A325EDB7D000E8E38A /* Parsers.swift in Sources */ = {isa = PBXBuildFile; fileRef = A53112A225EDB7D000E8E38A /* Parsers.swift */; };
		A53112A625EDB88400E8E38A /* Formatters.swift in Sources */ = {isa = PBXBuildFile; fileRef = A53112A525EDB88400E8E38A /* Formatters.swift */; };
		A53112A925EDB89800E8E38A /* ArrayFiltering.swift in Sources */ = {isa = PBXBuildFile; fileRef = A53112A825EDB89800E8E38A /* ArrayFiltering.swift */; };
		A53112AD25EDBCDF00E8E38A /* WeeklyWeatherViewModel.swift in Sources */ = {isa = PBXBuildFile; fileRef = A53112AC25EDBCDF00E8E38A /* WeeklyWeatherViewModel.swift */; };
		A53112B025EDBD0800E8E38A /* DailyWeatherRowViewModel.swift in Sources */ = {isa = PBXBuildFile; fileRef = A53112AF25EDBD0800E8E38A /* DailyWeatherRowViewModel.swift */; };
/* End PBXBuildFile section */

/* Begin PBXFileReference section */
		A531127225EDB14C00E8E38A /* WeatherWithCombine.app */ = {isa = PBXFileReference; explicitFileType = wrapper.application; includeInIndex = 0; path = WeatherWithCombine.app; sourceTree = BUILT_PRODUCTS_DIR; };
		A531127525EDB14C00E8E38A /* WeatherWithCombineApp.swift */ = {isa = PBXFileReference; lastKnownFileType = sourcecode.swift; path = WeatherWithCombineApp.swift; sourceTree = "<group>"; };
		A531127725EDB14C00E8E38A /* ContentView.swift */ = {isa = PBXFileReference; lastKnownFileType = sourcecode.swift; path = ContentView.swift; sourceTree = "<group>"; };
		A531127925EDB14D00E8E38A /* Assets.xcassets */ = {isa = PBXFileReference; lastKnownFileType = folder.assetcatalog; path = Assets.xcassets; sourceTree = "<group>"; };
		A531127C25EDB14D00E8E38A /* Preview Assets.xcassets */ = {isa = PBXFileReference; lastKnownFileType = folder.assetcatalog; path = "Preview Assets.xcassets"; sourceTree = "<group>"; };
		A531127E25EDB14D00E8E38A /* Info.plist */ = {isa = PBXFileReference; lastKnownFileType = text.plist.xml; path = Info.plist; sourceTree = "<group>"; };
		A531128F25EDB46700E8E38A /* ApiConfig.swift */ = {isa = PBXFileReference; lastKnownFileType = sourcecode.swift; path = ApiConfig.swift; sourceTree = "<group>"; };
		A531129225EDB55400E8E38A /* WeatherFetcher.swift */ = {isa = PBXFileReference; lastKnownFileType = sourcecode.swift; path = WeatherFetcher.swift; sourceTree = "<group>"; };
		A531129525EDB59300E8E38A /* Responses.swift */ = {isa = PBXFileReference; lastKnownFileType = sourcecode.swift; path = Responses.swift; sourceTree = "<group>"; };
		A531129825EDB5DB00E8E38A /* Errors.swift */ = {isa = PBXFileReference; lastKnownFileType = sourcecode.swift; path = Errors.swift; sourceTree = "<group>"; };
		A531129F25EDB71400E8E38A /* WeatherFetcherExtensionMethods.swift */ = {isa = PBXFileReference; lastKnownFileType = sourcecode.swift; path = WeatherFetcherExtensionMethods.swift; sourceTree = "<group>"; };
		A53112A225EDB7D000E8E38A /* Parsers.swift */ = {isa = PBXFileReference; lastKnownFileType = sourcecode.swift; path = Parsers.swift; sourceTree = "<group>"; };
		A53112A525EDB88400E8E38A /* Formatters.swift */ = {isa = PBXFileReference; lastKnownFileType = sourcecode.swift; path = Formatters.swift; sourceTree = "<group>"; };
		A53112A825EDB89800E8E38A /* ArrayFiltering.swift */ = {isa = PBXFileReference; lastKnownFileType = sourcecode.swift; path = ArrayFiltering.swift; sourceTree = "<group>"; };
		A53112AC25EDBCDF00E8E38A /* WeeklyWeatherViewModel.swift */ = {isa = PBXFileReference; lastKnownFileType = sourcecode.swift; path = WeeklyWeatherViewModel.swift; sourceTree = "<group>"; };
		A53112AF25EDBD0800E8E38A /* DailyWeatherRowViewModel.swift */ = {isa = PBXFileReference; lastKnownFileType = sourcecode.swift; path = DailyWeatherRowViewModel.swift; sourceTree = "<group>"; };
/* End PBXFileReference section */

/* Begin PBXFrameworksBuildPhase section */
		A531126F25EDB14C00E8E38A /* Frameworks */ = {
			isa = PBXFrameworksBuildPhase;
			buildActionMask = 2147483647;
			files = (
			);
			runOnlyForDeploymentPostprocessing = 0;
		};
/* End PBXFrameworksBuildPhase section */

/* Begin PBXGroup section */
		A531126925EDB14C00E8E38A = {
			isa = PBXGroup;
			children = (
				A531127425EDB14C00E8E38A /* WeatherWithCombine */,
				A531127325EDB14C00E8E38A /* Products */,
			);
			sourceTree = "<group>";
		};
		A531127325EDB14C00E8E38A /* Products */ = {
			isa = PBXGroup;
			children = (
				A531127225EDB14C00E8E38A /* WeatherWithCombine.app */,
			);
			name = Products;
			sourceTree = "<group>";
		};
		A531127425EDB14C00E8E38A /* WeatherWithCombine */ = {
			isa = PBXGroup;
			children = (
				A531128825EDB19D00E8E38A /* Utilities */,
				A53112AB25EDBCC600E8E38A /* ViewModels */,
				A531128725EDB18400E8E38A /* Views */,
				A531128525EDB17200E8E38A /* Data */,
				A531127525EDB14C00E8E38A /* WeatherWithCombineApp.swift */,
				A531128925EDB1CD00E8E38A /* SupportingFiles */,
			);
			path = WeatherWithCombine;
			sourceTree = "<group>";
		};
		A531127B25EDB14D00E8E38A /* Preview Content */ = {
			isa = PBXGroup;
			children = (
				A531127C25EDB14D00E8E38A /* Preview Assets.xcassets */,
			);
			path = "Preview Content";
			sourceTree = "<group>";
		};
		A531128525EDB17200E8E38A /* Data */ = {
			isa = PBXGroup;
			children = (
				A531129225EDB55400E8E38A /* WeatherFetcher.swift */,
				A531128E25EDB44C00E8E38A /* OpenWeatherAPI */,
				A531129F25EDB71400E8E38A /* WeatherFetcherExtensionMethods.swift */,
			);
			path = Data;
			sourceTree = "<group>";
		};
		A531128725EDB18400E8E38A /* Views */ = {
			isa = PBXGroup;
			children = (
				A531127725EDB14C00E8E38A /* ContentView.swift */,
			);
			path = Views;
			sourceTree = "<group>";
		};
		A531128825EDB19D00E8E38A /* Utilities */ = {
			isa = PBXGroup;
			children = (
				A53112A525EDB88400E8E38A /* Formatters.swift */,
				A53112A825EDB89800E8E38A /* ArrayFiltering.swift */,
			);
			path = Utilities;
			sourceTree = "<group>";
		};
		A531128925EDB1CD00E8E38A /* SupportingFiles */ = {
			isa = PBXGroup;
			children = (
				A531127925EDB14D00E8E38A /* Assets.xcassets */,
				A531127E25EDB14D00E8E38A /* Info.plist */,
				A531127B25EDB14D00E8E38A /* Preview Content */,
			);
			path = SupportingFiles;
			sourceTree = "<group>";
		};
		A531128E25EDB44C00E8E38A /* OpenWeatherAPI */ = {
			isa = PBXGroup;
			children = (
				A531128F25EDB46700E8E38A /* ApiConfig.swift */,
				A531129525EDB59300E8E38A /* Responses.swift */,
				A531129825EDB5DB00E8E38A /* Errors.swift */,
				A53112A225EDB7D000E8E38A /* Parsers.swift */,
			);
			path = OpenWeatherAPI;
			sourceTree = "<group>";
		};
		A53112AB25EDBCC600E8E38A /* ViewModels */ = {
			isa = PBXGroup;
			children = (
				A53112AC25EDBCDF00E8E38A /* WeeklyWeatherViewModel.swift */,
				A53112AF25EDBD0800E8E38A /* DailyWeatherRowViewModel.swift */,
			);
			path = ViewModels;
			sourceTree = "<group>";
		};
/* End PBXGroup section */

/* Begin PBXNativeTarget section */
		A531127125EDB14C00E8E38A /* WeatherWithCombine */ = {
			isa = PBXNativeTarget;
			buildConfigurationList = A531128125EDB14D00E8E38A /* Build configuration list for PBXNativeTarget "WeatherWithCombine" */;
			buildPhases = (
				A531126E25EDB14C00E8E38A /* Sources */,
				A531126F25EDB14C00E8E38A /* Frameworks */,
				A531127025EDB14C00E8E38A /* Resources */,
			);
			buildRules = (
			);
			dependencies = (
			);
			name = WeatherWithCombine;
			productName = WeatherWithCombine;
			productReference = A531127225EDB14C00E8E38A /* WeatherWithCombine.app */;
			productType = "com.apple.product-type.application";
		};
/* End PBXNativeTarget section */

/* Begin PBXProject section */
		A531126A25EDB14C00E8E38A /* Project object */ = {
			isa = PBXProject;
			attributes = {
				LastSwiftUpdateCheck = 1240;
				LastUpgradeCheck = 1240;
				TargetAttributes = {
					A531127125EDB14C00E8E38A = {
						CreatedOnToolsVersion = 12.4;
					};
				};
			};
			buildConfigurationList = A531126D25EDB14C00E8E38A /* Build configuration list for PBXProject "WeatherWithCombine" */;
			compatibilityVersion = "Xcode 9.3";
			developmentRegion = en;
			hasScannedForEncodings = 0;
			knownRegions = (
				en,
				Base,
			);
			mainGroup = A531126925EDB14C00E8E38A;
			productRefGroup = A531127325EDB14C00E8E38A /* Products */;
			projectDirPath = "";
			projectRoot = "";
			targets = (
				A531127125EDB14C00E8E38A /* WeatherWithCombine */,
			);
		};
/* End PBXProject section */

/* Begin PBXResourcesBuildPhase section */
		A531127025EDB14C00E8E38A /* Resources */ = {
			isa = PBXResourcesBuildPhase;
			buildActionMask = 2147483647;
			files = (
				A531127D25EDB14D00E8E38A /* Preview Assets.xcassets in Resources */,
				A531127A25EDB14D00E8E38A /* Assets.xcassets in Resources */,
			);
			runOnlyForDeploymentPostprocessing = 0;
		};
/* End PBXResourcesBuildPhase section */

/* Begin PBXSourcesBuildPhase section */
		A531126E25EDB14C00E8E38A /* Sources */ = {
			isa = PBXSourcesBuildPhase;
			buildActionMask = 2147483647;
			files = (
				A53112A325EDB7D000E8E38A /* Parsers.swift in Sources */,
				A531129625EDB59300E8E38A /* Responses.swift in Sources */,
				A53112A925EDB89800E8E38A /* ArrayFiltering.swift in Sources */,
				A531129325EDB55400E8E38A /* WeatherFetcher.swift in Sources */,
				A53112B025EDBD0800E8E38A /* DailyWeatherRowViewModel.swift in Sources */,
				A53112A625EDB88400E8E38A /* Formatters.swift in Sources */,
				A53112A025EDB71400E8E38A /* WeatherFetcherExtensionMethods.swift in Sources */,
				A531127825EDB14C00E8E38A /* ContentView.swift in Sources */,
				A531127625EDB14C00E8E38A /* WeatherWithCombineApp.swift in Sources */,
				A531129925EDB5DB00E8E38A /* Errors.swift in Sources */,
				A531129025EDB46700E8E38A /* ApiConfig.swift in Sources */,
				A53112AD25EDBCDF00E8E38A /* WeeklyWeatherViewModel.swift in Sources */,
			);
			runOnlyForDeploymentPostprocessing = 0;
		};
/* End PBXSourcesBuildPhase section */

/* Begin XCBuildConfiguration section */
		A531127F25EDB14D00E8E38A /* Debug */ = {
			isa = XCBuildConfiguration;
			buildSettings = {
				ALWAYS_SEARCH_USER_PATHS = YES;
				CLANG_ANALYZER_NONNULL = YES;
				CLANG_ANALYZER_NUMBER_OBJECT_CONVERSION = YES_AGGRESSIVE;
				CLANG_CXX_LANGUAGE_STANDARD = "gnu++14";
				CLANG_CXX_LIBRARY = "libc++";
				CLANG_ENABLE_MODULES = YES;
				CLANG_ENABLE_OBJC_ARC = YES;
				CLANG_ENABLE_OBJC_WEAK = YES;
				CLANG_WARN_BLOCK_CAPTURE_AUTORELEASING = YES;
				CLANG_WARN_BOOL_CONVERSION = YES;
				CLANG_WARN_COMMA = YES;
				CLANG_WARN_CONSTANT_CONVERSION = YES;
				CLANG_WARN_DEPRECATED_OBJC_IMPLEMENTATIONS = YES;
				CLANG_WARN_DIRECT_OBJC_ISA_USAGE = YES_ERROR;
				CLANG_WARN_DOCUMENTATION_COMMENTS = YES;
				CLANG_WARN_EMPTY_BODY = YES;
				CLANG_WARN_ENUM_CONVERSION = YES;
				CLANG_WARN_INFINITE_RECURSION = YES;
				CLANG_WARN_INT_CONVERSION = YES;
				CLANG_WARN_NON_LITERAL_NULL_CONVERSION = YES;
				CLANG_WARN_OBJC_IMPLICIT_RETAIN_SELF = YES;
				CLANG_WARN_OBJC_LITERAL_CONVERSION = YES;
				CLANG_WARN_OBJC_ROOT_CLASS = YES_ERROR;
				CLANG_WARN_QUOTED_INCLUDE_IN_FRAMEWORK_HEADER = YES;
				CLANG_WARN_RANGE_LOOP_ANALYSIS = YES;
				CLANG_WARN_STRICT_PROTOTYPES = YES;
				CLANG_WARN_SUSPICIOUS_MOVE = YES;
				CLANG_WARN_UNGUARDED_AVAILABILITY = YES_AGGRESSIVE;
				CLANG_WARN_UNREACHABLE_CODE = YES;
				CLANG_WARN__DUPLICATE_METHOD_MATCH = YES;
				COPY_PHASE_STRIP = NO;
				DEBUG_INFORMATION_FORMAT = dwarf;
				ENABLE_STRICT_OBJC_MSGSEND = YES;
				ENABLE_TESTABILITY = YES;
				GCC_C_LANGUAGE_STANDARD = gnu11;
				GCC_DYNAMIC_NO_PIC = NO;
				GCC_NO_COMMON_BLOCKS = YES;
				GCC_OPTIMIZATION_LEVEL = 0;
				GCC_PREPROCESSOR_DEFINITIONS = (
					"DEBUG=1",
					"$(inherited)",
				);
				GCC_WARN_64_TO_32_BIT_CONVERSION = YES;
				GCC_WARN_ABOUT_RETURN_TYPE = YES_ERROR;
				GCC_WARN_UNDECLARED_SELECTOR = YES;
				GCC_WARN_UNINITIALIZED_AUTOS = YES_AGGRESSIVE;
				GCC_WARN_UNUSED_FUNCTION = YES;
				GCC_WARN_UNUSED_VARIABLE = YES;
				IPHONEOS_DEPLOYMENT_TARGET = 14.4;
				MTL_ENABLE_DEBUG_INFO = INCLUDE_SOURCE;
				MTL_FAST_MATH = YES;
				ONLY_ACTIVE_ARCH = YES;
				SDKROOT = iphoneos;
				SWIFT_ACTIVE_COMPILATION_CONDITIONS = DEBUG;
				SWIFT_OPTIMIZATION_LEVEL = "-Onone";
			};
			name = Debug;
		};
		A531128025EDB14D00E8E38A /* Release */ = {
			isa = XCBuildConfiguration;
			buildSettings = {
				ALWAYS_SEARCH_USER_PATHS = YES;
				CLANG_ANALYZER_NONNULL = YES;
				CLANG_ANALYZER_NUMBER_OBJECT_CONVERSION = YES_AGGRESSIVE;
				CLANG_CXX_LANGUAGE_STANDARD = "gnu++14";
				CLANG_CXX_LIBRARY = "libc++";
				CLANG_ENABLE_MODULES = YES;
				CLANG_ENABLE_OBJC_ARC = YES;
				CLANG_ENABLE_OBJC_WEAK = YES;
				CLANG_WARN_BLOCK_CAPTURE_AUTORELEASING = YES;
				CLANG_WARN_BOOL_CONVERSION = YES;
				CLANG_WARN_COMMA = YES;
				CLANG_WARN_CONSTANT_CONVERSION = YES;
				CLANG_WARN_DEPRECATED_OBJC_IMPLEMENTATIONS = YES;
				CLANG_WARN_DIRECT_OBJC_ISA_USAGE = YES_ERROR;
				CLANG_WARN_DOCUMENTATION_COMMENTS = YES;
				CLANG_WARN_EMPTY_BODY = YES;
				CLANG_WARN_ENUM_CONVERSION = YES;
				CLANG_WARN_INFINITE_RECURSION = YES;
				CLANG_WARN_INT_CONVERSION = YES;
				CLANG_WARN_NON_LITERAL_NULL_CONVERSION = YES;
				CLANG_WARN_OBJC_IMPLICIT_RETAIN_SELF = YES;
				CLANG_WARN_OBJC_LITERAL_CONVERSION = YES;
				CLANG_WARN_OBJC_ROOT_CLASS = YES_ERROR;
				CLANG_WARN_QUOTED_INCLUDE_IN_FRAMEWORK_HEADER = YES;
				CLANG_WARN_RANGE_LOOP_ANALYSIS = YES;
				CLANG_WARN_STRICT_PROTOTYPES = YES;
				CLANG_WARN_SUSPICIOUS_MOVE = YES;
				CLANG_WARN_UNGUARDED_AVAILABILITY = YES_AGGRESSIVE;
				CLANG_WARN_UNREACHABLE_CODE = YES;
				CLANG_WARN__DUPLICATE_METHOD_MATCH = YES;
				COPY_PHASE_STRIP = NO;
				DEBUG_INFORMATION_FORMAT = "dwarf-with-dsym";
				ENABLE_NS_ASSERTIONS = NO;
				ENABLE_STRICT_OBJC_MSGSEND = YES;
				GCC_C_LANGUAGE_STANDARD = gnu11;
				GCC_NO_COMMON_BLOCKS = YES;
				GCC_WARN_64_TO_32_BIT_CONVERSION = YES;
				GCC_WARN_ABOUT_RETURN_TYPE = YES_ERROR;
				GCC_WARN_UNDECLARED_SELECTOR = YES;
				GCC_WARN_UNINITIALIZED_AUTOS = YES_AGGRESSIVE;
				GCC_WARN_UNUSED_FUNCTION = YES;
				GCC_WARN_UNUSED_VARIABLE = YES;
				IPHONEOS_DEPLOYMENT_TARGET = 14.4;
				MTL_ENABLE_DEBUG_INFO = NO;
				MTL_FAST_MATH = YES;
				SDKROOT = iphoneos;
				SWIFT_COMPILATION_MODE = wholemodule;
				SWIFT_OPTIMIZATION_LEVEL = "-O";
				VALIDATE_PRODUCT = YES;
			};
			name = Release;
		};
		A531128225EDB14D00E8E38A /* Debug */ = {
			isa = XCBuildConfiguration;
			buildSettings = {
				ASSETCATALOG_COMPILER_APPICON_NAME = AppIcon;
				ASSETCATALOG_COMPILER_GLOBAL_ACCENT_COLOR_NAME = AccentColor;
				CODE_SIGN_STYLE = Automatic;
				DEVELOPMENT_ASSET_PATHS = "\"WeatherWithCombine/SupportingFiles/Preview Content\"";
				DEVELOPMENT_TEAM = U4VUF8G596;
				ENABLE_PREVIEWS = YES;
				INFOPLIST_FILE = WeatherWithCombine/SupportingFiles/Info.plist;
				IPHONEOS_DEPLOYMENT_TARGET = 14.0;
				LD_RUNPATH_SEARCH_PATHS = (
					"$(inherited)",
					"@executable_path/Frameworks",
				);
				PRODUCT_BUNDLE_IDENTIFIER = "com.mount-olympus.WeatherWithCombine";
				PRODUCT_NAME = "$(TARGET_NAME)";
				SWIFT_VERSION = 5.0;
				TARGETED_DEVICE_FAMILY = "1,2";
			};
			name = Debug;
		};
		A531128325EDB14D00E8E38A /* Release */ = {
			isa = XCBuildConfiguration;
			buildSettings = {
				ASSETCATALOG_COMPILER_APPICON_NAME = AppIcon;
				ASSETCATALOG_COMPILER_GLOBAL_ACCENT_COLOR_NAME = AccentColor;
				CODE_SIGN_STYLE = Automatic;
				DEVELOPMENT_ASSET_PATHS = "\"WeatherWithCombine/SupportingFiles/Preview Content\"";
				DEVELOPMENT_TEAM = U4VUF8G596;
				ENABLE_PREVIEWS = YES;
				INFOPLIST_FILE = WeatherWithCombine/SupportingFiles/Info.plist;
				IPHONEOS_DEPLOYMENT_TARGET = 14.0;
				LD_RUNPATH_SEARCH_PATHS = (
					"$(inherited)",
					"@executable_path/Frameworks",
				);
				PRODUCT_BUNDLE_IDENTIFIER = "com.mount-olympus.WeatherWithCombine";
				PRODUCT_NAME = "$(TARGET_NAME)";
				SWIFT_VERSION = 5.0;
				TARGETED_DEVICE_FAMILY = "1,2";
			};
			name = Release;
		};
/* End XCBuildConfiguration section */

/* Begin XCConfigurationList section */
		A531126D25EDB14C00E8E38A /* Build configuration list for PBXProject "WeatherWithCombine" */ = {
			isa = XCConfigurationList;
			buildConfigurations = (
				A531127F25EDB14D00E8E38A /* Debug */,
				A531128025EDB14D00E8E38A /* Release */,
			);
			defaultConfigurationIsVisible = 0;
			defaultConfigurationName = Release;
		};
		A531128125EDB14D00E8E38A /* Build configuration list for PBXNativeTarget "WeatherWithCombine" */ = {
			isa = XCConfigurationList;
			buildConfigurations = (
				A531128225EDB14D00E8E38A /* Debug */,
				A531128325EDB14D00E8E38A /* Release */,
			);
			defaultConfigurationIsVisible = 0;
			defaultConfigurationName = Release;
		};
/* End XCConfigurationList section */
	};
	rootObject = A531126A25EDB14C00E8E38A /* Project object */;
}
